<?xml version="1.0" encoding="utf-8"?>
<Project ToolsVersion="4.0" xmlns="http://schemas.microsoft.com/developer/msbuild/2003">
  <ItemGroup>
    <Filter Include="Source Files">
      <UniqueIdentifier>{4FC737F1-C7A5-4376-A066-2A32D752A2FF}</UniqueIdentifier>
      <Extensions>cpp;c;cc;cxx;def;odl;idl;hpj;bat;asm;asmx</Extensions>
    </Filter>
    <Filter Include="Header Files">
      <UniqueIdentifier>{93995380-89BD-4b04-88EB-625FBE52EBFB}</UniqueIdentifier>
      <Extensions>h;hh;hpp;hxx;hm;inl;inc;ipp;xsd</Extensions>
    </Filter>
    <Filter Include="Resource Files">
      <UniqueIdentifier>{67DA6AB6-F800-4c08-8B7A-83BB121AAD01}</UniqueIdentifier>
      <Extensions>rc;ico;cur;bmp;dlg;rc2;rct;bin;rgs;gif;jpg;jpeg;jpe;resx;tiff;tif;png;wav;mfcribbon-ms</Extensions>
    </Filter>
    <Filter Include="Source Files\input">
      <UniqueIdentifier>{ab5331df-fc57-4678-a72f-526b75658e26}</UniqueIdentifier>
    </Filter>
    <Filter Include="Header Files\input">
      <UniqueIdentifier>{8a2cb34c-7188-45ef-8771-8fe27c64d0d8}</UniqueIdentifier>
    </Filter>
    <Filter Include="Source Files\display">
      <UniqueIdentifier>{84a00413-6986-4f80-a47f-9eebc36e93ae}</UniqueIdentifier>
    </Filter>
    <Filter Include="Header Files\display">
      <UniqueIdentifier>{287d655d-3ef3-4dbf-9f46-bf3e41dc19e4}</UniqueIdentifier>
    </Filter>
  </ItemGroup>
  <ItemGroup>
    <ClInclude Include="catnap.h">
      <Filter>Header Files</Filter>
    </ClInclude>
    <ClInclude Include="game.h">
      <Filter>Header Files</Filter>
    </ClInclude>
    <ClInclude Include="handle_input.h">
      <Filter>Header Files\input</Filter>
    </ClInclude>
    <ClInclude Include="mouse_input.h">
      <Filter>Header Files\input</Filter>
    </ClInclude>
    <ClInclude Include="text_display.h">
      <Filter>Header Files\display</Filter>
    </ClInclude>
  </ItemGroup>
  <ItemGroup>
    <ClCompile Include="catnap.cpp">
      <Filter>Source Files</Filter>
    </ClCompile>
    <ClCompile Include="game.cpp">
      <Filter>Source Files</Filter>
    </ClCompile>
    <ClCompile Include="handle_input.cpp">
      <Filter>Source Files\input</Filter>
    </ClCompile>
    <ClCompile Include="mouse_input.cpp">
      <Filter>Source Files\input</Filter>
    </ClCompile>
    <ClCompile Include="text_display.cpp">
      <Filter>Source Files\display</Filter>
    </ClCompile>
  </ItemGroup>
</Project>